
Microsoft Visual Studio Solution File, Format Version 12.00
# Visual Studio 2015
Project("{FAE04EC0-301F-11D3-BF4B-00C04F79EFBC}") = "UnityVS.Beagle.CSharp", "UnityVS.Beagle.CSharp.csproj", "{392EE96C-1119-E01D-619E-B916CFE11C69}"
EndProject
Global
	GlobalSection(SolutionConfigurationPlatforms) = preSolution
		Debug|Any CPU = Debug|Any CPU
		Release|Any CPU = Release|Any CPU
	EndGlobalSection
	GlobalSection(ProjectConfigurationPlatforms) = postSolution
		{392EE96C-1119-E01D-619E-B916CFE11C69}.Debug|Any CPU.ActiveCfg = Debug|Any CPU
		{392EE96C-1119-E01D-619E-B916CFE11C69}.Debug|Any CPU.Build.0 = Debug|Any CPU
		{392EE96C-1119-E01D-619E-B916CFE11C69}.Release|Any CPU.ActiveCfg = Release|Any CPU
		{392EE96C-1119-E01D-619E-B916CFE11C69}.Release|Any CPU.Build.0 = Release|Any CPU
	EndGlobalSection
	GlobalSection(SolutionProperties) = preSolution
		HideSolutionNode = FALSE
	EndGlobalSection
EndGlobal
